{
  "version": 4,
  "terraform_version": "1.6.2",
  "serial": 1,
  "lineage": "48477a05-6f8f-0954-e757-c0134b4e6a7b",
  "outputs": {},
  "resources": [
    {
      "mode": "managed",
      "type": "local_file",
      "name": "demo_file",
      "provider": "provider[\"registry.terraform.io/hashicorp/local\"]",
      "instances": [
        {
          "schema_version": 0,
          "attributes": {
            "content": "Hello this file is created by using Terraform code",
            "content_base64": null,
            "content_base64sha256": "vm5NOubq9b1KgdygxXLwJ+VC1CFCeM2x1XkjjQw50SU=",
            "content_base64sha512": "T5ZY1sOT5tygDNxwycpwrGJZursHmMrJeqc3ADJiXbxtBqPHxbcA19R0ebjD7aeaDqJKe09Kde3GLFQ/1peh3A==",
            "content_md5": "27e708506064a78949ce7621558d78da",
            "content_sha1": "c51ad3a717c7ee9e76e6280e3d28c394289467e7",
            "content_sha256": "be6e4d3ae6eaf5bd4a81dca0c572f027e542d4214278cdb1d579238d0c39d125",
            "content_sha512": "4f9658d6c393e6dca00cdc70c9ca70ac6259babb0798cac97aa7370032625dbc6d06a3c7c5b700d7d47479b8c3eda79a0ea24a7b4f4a75edc62c543fd697a1dc",
            "directory_permission": "0777",
            "file_permission": "0777",
            "filename": "/home/ubuntu/terraform-practice/terraform-practice/demo.txt",
            "id": "c51ad3a717c7ee9e76e6280e3d28c394289467e7",
            "sensitive_content": null,
            "source": null
          },
          "sensitive_attributes": []
        }
      ]
    }
  ],
  "check_results": null
}
